
Microsoft Visual Studio Solution File, Format Version 12.00
# Visual Studio Version 17
VisualStudioVersion = 17.0.31410.414
MinimumVisualStudioVersion = 10.0.40219.1
Project("{FAE04EC0-301F-11D3-BF4B-00C04F79EFBC}") = "AdminApp", "AdminApp\AdminApp.csproj", "{05914574-81D7-4188-9B6E-18985E4F6575}"
EndProject
Global
	GlobalSection(SolutionConfigurationPlatforms) = preSolution
		Debug|Any CPU = Debug|Any CPU
		Release|Any CPU = Release|Any CPU
	EndGlobalSection
	GlobalSection(ProjectConfigurationPlatforms) = postSolution
		{05914574-81D7-4188-9B6E-18985E4F6575}.Debug|Any CPU.ActiveCfg = Debug|Any CPU
		{05914574-81D7-4188-9B6E-18985E4F6575}.Debug|Any CPU.Build.0 = Debug|Any CPU
		{05914574-81D7-4188-9B6E-18985E4F6575}.Release|Any CPU.ActiveCfg = Release|Any CPU
		{05914574-81D7-4188-9B6E-18985E4F6575}.Release|Any CPU.Build.0 = Release|Any CPU
	EndGlobalSection
	GlobalSection(SolutionProperties) = preSolution
		HideSolutionNode = FALSE
	EndGlobalSection
	GlobalSection(ExtensibilityGlobals) = postSolution
		SolutionGuid = {81997DAD-EA39-4B99-A138-7B9332570519}
	EndGlobalSection
EndGlobal
